// !$*UTF8*$!
{
	archiveVersion = 1;
	classes = {
	};
	objectVersion = 50;
	objects = {

/* Begin PBXBuildFile section */
		463CCAAB21BD511500FFE4AA /* mainscn.scn in Resources */ = {isa = PBXBuildFile; fileRef = 463CCAAA21BD511500FFE4AA /* mainscn.scn */; };
		46B960A421B66B6100F34A44 /* AppDelegate.swift in Sources */ = {isa = PBXBuildFile; fileRef = 46B960A321B66B6100F34A44 /* AppDelegate.swift */; };
		46B960A821B66B6100F34A44 /* ViewController.swift in Sources */ = {isa = PBXBuildFile; fileRef = 46B960A721B66B6100F34A44 /* ViewController.swift */; };
		46B960AB21B66B6100F34A44 /* Main.storyboard in Resources */ = {isa = PBXBuildFile; fileRef = 46B960A921B66B6100F34A44 /* Main.storyboard */; };
		46B960AD21B66B6300F34A44 /* Assets.xcassets in Resources */ = {isa = PBXBuildFile; fileRef = 46B960AC21B66B6300F34A44 /* Assets.xcassets */; };
		46B960B021B66B6300F34A44 /* LaunchScreen.storyboard in Resources */ = {isa = PBXBuildFile; fileRef = 46B960AE21B66B6300F34A44 /* LaunchScreen.storyboard */; };
/* End PBXBuildFile section */

/* Begin PBXFileReference section */
		463CCAAA21BD511500FFE4AA /* mainscn.scn */ = {isa = PBXFileReference; lastKnownFileType = file.bplist; path = mainscn.scn; sourceTree = "<group>"; };
		46B960A021B66B6100F34A44 /* EmojiXmas.app */ = {isa = PBXFileReference; explicitFileType = wrapper.application; includeInIndex = 0; path = EmojiXmas.app; sourceTree = BUILT_PRODUCTS_DIR; };
		46B960A321B66B6100F34A44 /* AppDelegate.swift */ = {isa = PBXFileReference; lastKnownFileType = sourcecode.swift; path = AppDelegate.swift; sourceTree = "<group>"; };
		46B960A721B66B6100F34A44 /* ViewController.swift */ = {isa = PBXFileReference; lastKnownFileType = sourcecode.swift; path = ViewController.swift; sourceTree = "<group>"; };
		46B960AA21B66B6100F34A44 /* Base */ = {isa = PBXFileReference; lastKnownFileType = file.storyboard; name = Base; path = Base.lproj/Main.storyboard; sourceTree = "<group>"; };
		46B960AC21B66B6300F34A44 /* Assets.xcassets */ = {isa = PBXFileReference; lastKnownFileType = folder.assetcatalog; path = Assets.xcassets; sourceTree = "<group>"; };
		46B960AF21B66B6300F34A44 /* Base */ = {isa = PBXFileReference; lastKnownFileType = file.storyboard; name = Base; path = Base.lproj/LaunchScreen.storyboard; sourceTree = "<group>"; };
		46B960B121B66B6300F34A44 /* Info.plist */ = {isa = PBXFileReference; lastKnownFileType = text.plist.xml; path = Info.plist; sourceTree = "<group>"; };
/* End PBXFileReference section */

/* Begin PBXFrameworksBuildPhase section */
		46B9609D21B66B6100F34A44 /* Frameworks */ = {
			isa = PBXFrameworksBuildPhase;
			buildActionMask = 2147483647;
			files = (
			);
			runOnlyForDeploymentPostprocessing = 0;
		};
/* End PBXFrameworksBuildPhase section */

/* Begin PBXGroup section */
		46B9609721B66B6100F34A44 = {
			isa = PBXGroup;
			children = (
				46B960A221B66B6100F34A44 /* EmojiXmas */,
				46B960A121B66B6100F34A44 /* Products */,
			);
			sourceTree = "<group>";
		};
		46B960A121B66B6100F34A44 /* Products */ = {
			isa = PBXGroup;
			children = (
				46B960A021B66B6100F34A44 /* EmojiXmas.app */,
			);
			name = Products;
			sourceTree = "<group>";
		};
		46B960A221B66B6100F34A44 /* EmojiXmas */ = {
			isa = PBXGroup;
			children = (
				46B960A321B66B6100F34A44 /* AppDelegate.swift */,
				46B960A721B66B6100F34A44 /* ViewController.swift */,
				46B960A921B66B6100F34A44 /* Main.storyboard */,
				463CCAAA21BD511500FFE4AA /* mainscn.scn */,
				46B960AC21B66B6300F34A44 /* Assets.xcassets */,
				46B960AE21B66B6300F34A44 /* LaunchScreen.storyboard */,
				46B960B121B66B6300F34A44 /* Info.plist */,
			);
			path = EmojiXmas;
			sourceTree = "<group>";
		};
/* End PBXGroup section */

/* Begin PBXNativeTarget section */
		46B9609F21B66B6100F34A44 /* EmojiXmas */ = {
			isa = PBXNativeTarget;
			buildConfigurationList = 46B960B421B66B6300F34A44 /* Build configuration list for PBXNativeTarget "EmojiXmas" */;
			buildPhases = (
				46B9609C21B66B6100F34A44 /* Sources */,
				46B9609D21B66B6100F34A44 /* Frameworks */,
				46B9609E21B66B6100F34A44 /* Resources */,
			);
			buildRules = (
			);
			dependencies = (
			);
			name = EmojiXmas;
			productName = EmojiXmas;
			productReference = 46B960A021B66B6100F34A44 /* EmojiXmas.app */;
			productType = "com.apple.product-type.application";
		};
/* End PBXNativeTarget section */

/* Begin PBXProject section */
		46B9609821B66B6100F34A44 /* Project object */ = {
			isa = PBXProject;
			attributes = {
				LastSwiftUpdateCheck = 1000;
				LastUpgradeCheck = 1000;
				ORGANIZATIONNAME = L.Brito;
				TargetAttributes = {
					46B9609F21B66B6100F34A44 = {
						CreatedOnToolsVersion = 10.0;
					};
				};
			};
			buildConfigurationList = 46B9609B21B66B6100F34A44 /* Build configuration list for PBXProject "EmojiXmas" */;
			compatibilityVersion = "Xcode 9.3";
			developmentRegion = en;
			hasScannedForEncodings = 0;
			knownRegions = (
				en,
				Base,
			);
			mainGroup = 46B9609721B66B6100F34A44;
			productRefGroup = 46B960A121B66B6100F34A44 /* Products */;
			projectDirPath = "";
			projectRoot = "";
			targets = (
				46B9609F21B66B6100F34A44 /* EmojiXmas */,
			);
		};
/* End PBXProject section */

/* Begin PBXResourcesBuildPhase section */
		46B9609E21B66B6100F34A44 /* Resources */ = {
			isa = PBXResourcesBuildPhase;
			buildActionMask = 2147483647;
			files = (
				46B960B021B66B6300F34A44 /* LaunchScreen.storyboard in Resources */,
				46B960AD21B66B6300F34A44 /* Assets.xcassets in Resources */,
				463CCAAB21BD511500FFE4AA /* mainscn.scn in Resources */,
				46B960AB21B66B6100F34A44 /* Main.storyboard in Resources */,
			);
			runOnlyForDeploymentPostprocessing = 0;
		};
/* End PBXResourcesBuildPhase section */

/* Begin PBXSourcesBuildPhase section */
		46B9609C21B66B6100F34A44 /* Sources */ = {
			isa = PBXSourcesBuildPhase;
			buildActionMask = 2147483647;
			files = (
				46B960A821B66B6100F34A44 /* ViewController.swift in Sources */,
				46B960A421B66B6100F34A44 /* AppDelegate.swift in Sources */,
			);
			runOnlyForDeploymentPostprocessing = 0;
		};
/* End PBXSourcesBuildPhase section */

/* Begin PBXVariantGroup section */
		46B960A921B66B6100F34A44 /* Main.storyboard */ = {
			isa = PBXVariantGroup;
			children = (
				46B960AA21B66B6100F34A44 /* Base */,
			);
			name = Main.storyboard;
			sourceTree = "<group>";
		};
		46B960AE21B66B6300F34A44 /* LaunchScreen.storyboard */ = {
			isa = PBXVariantGroup;
			children = (
				46B960AF21B66B6300F34A44 /* Base */,
			);
			name = LaunchScreen.storyboard;
			sourceTree = "<group>";
		};
/* End PBXVariantGroup section */

/* Begin XCBuildConfiguration section */
		46B960B221B66B6300F34A44 /* Debug */ = {
			isa = XCBuildConfiguration;
			buildSettings = {
				ALWAYS_SEARCH_USER_PATHS = NO;
				CLANG_ANALYZER_NONNULL = YES;
				CLANG_ANALYZER_NUMBER_OBJECT_CONVERSION = YES_AGGRESSIVE;
				CLANG_CXX_LANGUAGE_STANDARD = "gnu++14";
				CLANG_CXX_LIBRARY = "libc++";
				CLANG_ENABLE_MODULES = YES;
				CLANG_ENABLE_OBJC_ARC = YES;
				CLANG_ENABLE_OBJC_WEAK = YES;
				CLANG_WARN_BLOCK_CAPTURE_AUTORELEASING = YES;
				CLANG_WARN_BOOL_CONVERSION = YES;
				CLANG_WARN_COMMA = YES;
				CLANG_WARN_CONSTANT_CONVERSION = YES;
				CLANG_WARN_DEPRECATED_OBJC_IMPLEMENTATIONS = YES;
				CLANG_WARN_DIRECT_OBJC_ISA_USAGE = YES_ERROR;
				CLANG_WARN_DOCUMENTATION_COMMENTS = YES;
				CLANG_WARN_EMPTY_BODY = YES;
				CLANG_WARN_ENUM_CONVERSION = YES;
				CLANG_WARN_INFINITE_RECURSION = YES;
				CLANG_WARN_INT_CONVERSION = YES;
				CLANG_WARN_NON_LITERAL_NULL_CONVERSION = YES;
				CLANG_WARN_OBJC_IMPLICIT_RETAIN_SELF = YES;
				CLANG_WARN_OBJC_LITERAL_CONVERSION = YES;
				CLANG_WARN_OBJC_ROOT_CLASS = YES_ERROR;
				CLANG_WARN_RANGE_LOOP_ANALYSIS = YES;
				CLANG_WARN_STRICT_PROTOTYPES = YES;
				CLANG_WARN_SUSPICIOUS_MOVE = YES;
				CLANG_WARN_UNGUARDED_AVAILABILITY = YES_AGGRESSIVE;
				CLANG_WARN_UNREACHABLE_CODE = YES;
				CLANG_WARN__DUPLICATE_METHOD_MATCH = YES;
				CODE_SIGN_IDENTITY = "iPhone Developer";
				COPY_PHASE_STRIP = NO;
				DEBUG_INFORMATION_FORMAT = dwarf;
				ENABLE_STRICT_OBJC_MSGSEND = YES;
				ENABLE_TESTABILITY = YES;
				GCC_C_LANGUAGE_STANDARD = gnu11;
				GCC_DYNAMIC_NO_PIC = NO;
				GCC_NO_COMMON_BLOCKS = YES;
				GCC_OPTIMIZATION_LEVEL = 0;
				GCC_PREPROCESSOR_DEFINITIONS = (
					"DEBUG=1",
					"$(inherited)",
				);
				GCC_WARN_64_TO_32_BIT_CONVERSION = YES;
				GCC_WARN_ABOUT_RETURN_TYPE = YES_ERROR;
				GCC_WARN_UNDECLARED_SELECTOR = YES;
				GCC_WARN_UNINITIALIZED_AUTOS = YES_AGGRESSIVE;
				GCC_WARN_UNUSED_FUNCTION = YES;
				GCC_WARN_UNUSED_VARIABLE = YES;
				IPHONEOS_DEPLOYMENT_TARGET = 12.0;
				MTL_ENABLE_DEBUG_INFO = INCLUDE_SOURCE;
				MTL_FAST_MATH = YES;
				ONLY_ACTIVE_ARCH = YES;
				SDKROOT = iphoneos;
				SWIFT_ACTIVE_COMPILATION_CONDITIONS = DEBUG;
				SWIFT_OPTIMIZATION_LEVEL = "-Onone";
			};
			name = Debug;
		};
		46B960B321B66B6300F34A44 /* Release */ = {
			isa = XCBuildConfiguration;
			buildSettings = {
				ALWAYS_SEARCH_USER_PATHS = NO;
				CLANG_ANALYZER_NONNULL = YES;
				CLANG_ANALYZER_NUMBER_OBJECT_CONVERSION = YES_AGGRESSIVE;
				CLANG_CXX_LANGUAGE_STANDARD = "gnu++14";
				CLANG_CXX_LIBRARY = "libc++";
				CLANG_ENABLE_MODULES = YES;
				CLANG_ENABLE_OBJC_ARC = YES;
				CLANG_ENABLE_OBJC_WEAK = YES;
				CLANG_WARN_BLOCK_CAPTURE_AUTORELEASING = YES;
				CLANG_WARN_BOOL_CONVERSION = YES;
				CLANG_WARN_COMMA = YES;
				CLANG_WARN_CONSTANT_CONVERSION = YES;
				CLANG_WARN_DEPRECATED_OBJC_IMPLEMENTATIONS = YES;
				CLANG_WARN_DIRECT_OBJC_ISA_USAGE = YES_ERROR;
				CLANG_WARN_DOCUMENTATION_COMMENTS = YES;
				CLANG_WARN_EMPTY_BODY = YES;
				CLANG_WARN_ENUM_CONVERSION = YES;
				CLANG_WARN_INFINITE_RECURSION = YES;
				CLANG_WARN_INT_CONVERSION = YES;
				CLANG_WARN_NON_LITERAL_NULL_CONVERSION = YES;
				CLANG_WARN_OBJC_IMPLICIT_RETAIN_SELF = YES;
				CLANG_WARN_OBJC_LITERAL_CONVERSION = YES;
				CLANG_WARN_OBJC_ROOT_CLASS = YES_ERROR;
				CLANG_WARN_RANGE_LOOP_ANALYSIS = YES;
				CLANG_WARN_STRICT_PROTOTYPES = YES;
				CLANG_WARN_SUSPICIOUS_MOVE = YES;
				CLANG_WARN_UNGUARDED_AVAILABILITY = YES_AGGRESSIVE;
				CLANG_WARN_UNREACHABLE_CODE = YES;
				CLANG_WARN__DUPLICATE_METHOD_MATCH = YES;
				CODE_SIGN_IDENTITY = "iPhone Developer";
				COPY_PHASE_STRIP = NO;
				DEBUG_INFORMATION_FORMAT = "dwarf-with-dsym";
				ENABLE_NS_ASSERTIONS = NO;
				ENABLE_STRICT_OBJC_MSGSEND = YES;
				GCC_C_LANGUAGE_STANDARD = gnu11;
				GCC_NO_COMMON_BLOCKS = YES;
				GCC_WARN_64_TO_32_BIT_CONVERSION = YES;
				GCC_WARN_ABOUT_RETURN_TYPE = YES_ERROR;
				GCC_WARN_UNDECLARED_SELECTOR = YES;
				GCC_WARN_UNINITIALIZED_AUTOS = YES_AGGRESSIVE;
				GCC_WARN_UNUSED_FUNCTION = YES;
				GCC_WARN_UNUSED_VARIABLE = YES;
				IPHONEOS_DEPLOYMENT_TARGET = 12.0;
				MTL_ENABLE_DEBUG_INFO = NO;
				MTL_FAST_MATH = YES;
				SDKROOT = iphoneos;
				SWIFT_COMPILATION_MODE = wholemodule;
				SWIFT_OPTIMIZATION_LEVEL = "-O";
				VALIDATE_PRODUCT = YES;
			};
			name = Release;
		};
		46B960B521B66B6300F34A44 /* Debug */ = {
			isa = XCBuildConfiguration;
			buildSettings = {
				ASSETCATALOG_COMPILER_APPICON_NAME = AppIcon;
				CODE_SIGN_STYLE = Automatic;
				DEVELOPMENT_TEAM = 9648P6HBU7;
				INFOPLIST_FILE = EmojiXmas/Info.plist;
				LD_RUNPATH_SEARCH_PATHS = (
					"$(inherited)",
					"@executable_path/Frameworks",
				);
				PRODUCT_BUNDLE_IDENTIFIER = com.berbri.EmojiXmas;
				PRODUCT_NAME = "$(TARGET_NAME)";
				SWIFT_VERSION = 4.2;
				TARGETED_DEVICE_FAMILY = "1,2";
			};
			name = Debug;
		};
		46B960B621B66B6300F34A44 /* Release */ = {
			isa = XCBuildConfiguration;
			buildSettings = {
				ASSETCATALOG_COMPILER_APPICON_NAME = AppIcon;
				CODE_SIGN_STYLE = Automatic;
				DEVELOPMENT_TEAM = 9648P6HBU7;
				INFOPLIST_FILE = EmojiXmas/Info.plist;
				LD_RUNPATH_SEARCH_PATHS = (
					"$(inherited)",
					"@executable_path/Frameworks",
				);
				PRODUCT_BUNDLE_IDENTIFIER = com.berbri.EmojiXmas;
				PRODUCT_NAME = "$(TARGET_NAME)";
				SWIFT_VERSION = 4.2;
				TARGETED_DEVICE_FAMILY = "1,2";
			};
			name = Release;
		};
/* End XCBuildConfiguration section */

/* Begin XCConfigurationList section */
		46B9609B21B66B6100F34A44 /* Build configuration list for PBXProject "EmojiXmas" */ = {
			isa = XCConfigurationList;
			buildConfigurations = (
				46B960B221B66B6300F34A44 /* Debug */,
				46B960B321B66B6300F34A44 /* Release */,
			);
			defaultConfigurationIsVisible = 0;
			defaultConfigurationName = Release;
		};
		46B960B421B66B6300F34A44 /* Build configuration list for PBXNativeTarget "EmojiXmas" */ = {
			isa = XCConfigurationList;
			buildConfigurations = (
				46B960B521B66B6300F34A44 /* Debug */,
				46B960B621B66B6300F34A44 /* Release */,
			);
			defaultConfigurationIsVisible = 0;
			defaultConfigurationName = Release;
		};
/* End XCConfigurationList section */
	};
	rootObject = 46B9609821B66B6100F34A44 /* Project object */;
}
